
Microsoft Visual Studio Solution File, Format Version 12.00
# Visual Studio Version 16
VisualStudioVersion = 16.0.29201.188
MinimumVisualStudioVersion = 10.0.40219.1
Project("{FAE04EC0-301F-11D3-BF4B-00C04F79EFBC}") = "REGISTERPASSWORDZTJH", "REGISTERPASSWORDZTJH\REGISTERPASSWORDZTJH.csproj", "{F91DF7C9-A9E8-48A7-962C-BF2E3C58BE3D}"
EndProject
Global
	GlobalSection(SolutionConfigurationPlatforms) = preSolution
		Debug|Any CPU = Debug|Any CPU
		Release|Any CPU = Release|Any CPU
	EndGlobalSection
	GlobalSection(ProjectConfigurationPlatforms) = postSolution
		{F91DF7C9-A9E8-48A7-962C-BF2E3C58BE3D}.Debug|Any CPU.ActiveCfg = Debug|Any CPU
		{F91DF7C9-A9E8-48A7-962C-BF2E3C58BE3D}.Debug|Any CPU.Build.0 = Debug|Any CPU
		{F91DF7C9-A9E8-48A7-962C-BF2E3C58BE3D}.Release|Any CPU.ActiveCfg = Release|Any CPU
		{F91DF7C9-A9E8-48A7-962C-BF2E3C58BE3D}.Release|Any CPU.Build.0 = Release|Any CPU
	EndGlobalSection
	GlobalSection(SolutionProperties) = preSolution
		HideSolutionNode = FALSE
	EndGlobalSection
	GlobalSection(ExtensibilityGlobals) = postSolution
		SolutionGuid = {A7C0B212-CB07-4262-9D83-53FB6EF115E5}
	EndGlobalSection
EndGlobal
